
Microsoft Visual Studio Solution File, Format Version 12.00
# Visual Studio Version 17
VisualStudioVersion = 17.7.34202.233
MinimumVisualStudioVersion = 10.0.40219.1
Project("{8BC9CEB8-8B4A-11D0-8D11-00A0C91BC942}") = "PR 5.2", "PR 5.2\PR 5.2.vcxproj", "{05CD8B3C-DE2E-4EF1-82EB-0AA5127FB309}"
EndProject
Project("{8BC9CEB8-8B4A-11D0-8D11-00A0C91BC942}") = "UnitTest1", "UnitTest1\UnitTest1.vcxproj", "{B69724D4-EACE-4C31-BCD1-117DED688A81}"
EndProject
Global
	GlobalSection(SolutionConfigurationPlatforms) = preSolution
		Debug|x64 = Debug|x64
		Debug|x86 = Debug|x86
		Release|x64 = Release|x64
		Release|x86 = Release|x86
	EndGlobalSection
	GlobalSection(ProjectConfigurationPlatforms) = postSolution
		{05CD8B3C-DE2E-4EF1-82EB-0AA5127FB309}.Debug|x64.ActiveCfg = Debug|x64
		{05CD8B3C-DE2E-4EF1-82EB-0AA5127FB309}.Debug|x64.Build.0 = Debug|x64
		{05CD8B3C-DE2E-4EF1-82EB-0AA5127FB309}.Debug|x86.ActiveCfg = Debug|Win32
		{05CD8B3C-DE2E-4EF1-82EB-0AA5127FB309}.Debug|x86.Build.0 = Debug|Win32
		{05CD8B3C-DE2E-4EF1-82EB-0AA5127FB309}.Release|x64.ActiveCfg = Release|x64
		{05CD8B3C-DE2E-4EF1-82EB-0AA5127FB309}.Release|x64.Build.0 = Release|x64
		{05CD8B3C-DE2E-4EF1-82EB-0AA5127FB309}.Release|x86.ActiveCfg = Release|Win32
		{05CD8B3C-DE2E-4EF1-82EB-0AA5127FB309}.Release|x86.Build.0 = Release|Win32
		{B69724D4-EACE-4C31-BCD1-117DED688A81}.Debug|x64.ActiveCfg = Debug|x64
		{B69724D4-EACE-4C31-BCD1-117DED688A81}.Debug|x64.Build.0 = Debug|x64
		{B69724D4-EACE-4C31-BCD1-117DED688A81}.Debug|x86.ActiveCfg = Debug|Win32
		{B69724D4-EACE-4C31-BCD1-117DED688A81}.Debug|x86.Build.0 = Debug|Win32
		{B69724D4-EACE-4C31-BCD1-117DED688A81}.Release|x64.ActiveCfg = Release|x64
		{B69724D4-EACE-4C31-BCD1-117DED688A81}.Release|x64.Build.0 = Release|x64
		{B69724D4-EACE-4C31-BCD1-117DED688A81}.Release|x86.ActiveCfg = Release|Win32
		{B69724D4-EACE-4C31-BCD1-117DED688A81}.Release|x86.Build.0 = Release|Win32
	EndGlobalSection
	GlobalSection(SolutionProperties) = preSolution
		HideSolutionNode = FALSE
	EndGlobalSection
	GlobalSection(ExtensibilityGlobals) = postSolution
		SolutionGuid = {63186A18-8ED9-400F-A12E-FE24343A3E05}
	EndGlobalSection
EndGlobal
